<Solution>
  <Folder Name="/src/">
    <Project Path="src/GitHooks.Infrastructure/GitHooks.Infrastructure.csproj" Id="f3c7d8d3-8e11-4208-b80c-0310bde43317" />
    <Project Path="src/GitHooks.Templates/GitHooks.Templates.csproj" Id="ee3c1915-89aa-4acc-810b-3a3c95339015" />
    <Project Path="src/GitHooks/GitHooks.csproj" Id="d2ba5f76-cd09-4cfe-962d-7fa2d146ec6d" />
  </Folder>
  <Folder Name="/test/">
    <Project Path="test/GitHooks.Tests/GitHooks.Tests.csproj" Id="b3138dc6-0147-4d0f-b1ae-a14b1ca2e984" />
  </Folder>
</Solution>
