<Solution>
  <Folder Name="/src/">
    <Project Path="src/GitHooks.Infrastructure/GitHooks.Infrastructure.csproj" Id="f3c7d8d3-8e11-4208-b80c-0310bde43317" />
    <Project Path="src/GitHooks.Templates/GitHooks.Templates.csproj" Id="ee3c1915-89aa-4acc-810b-3a3c95339015" />
    <Project Path="src/GitHooks.Workflow.Application/GitHooks.Workflow.Application.csproj" Id="02572336-2177-4566-9e57-a650807237a3" />
    <Project Path="src/GitHooks.Workflow.Domain/GitHooks.Workflow.Domain.csproj" Id="89bfbc67-dc5e-4ed6-bf71-1678aad19362" />
    <Project Path="src/GitHooks.Workflow.Infrastructure/GitHooks.Workflow.Infrastructure.csproj" Id="561fe152-9dd1-4f27-8be5-80eadfdbf630" />
    <Project Path="src/GitHooks/GitHooks.csproj" Id="d2ba5f76-cd09-4cfe-962d-7fa2d146ec6d" />
  </Folder>
  <Folder Name="/test/">
    <Project Path="test/GitHooks.Tests/GitHooks.Tests.csproj" Id="b3138dc6-0147-4d0f-b1ae-a14b1ca2e984" />
    <Project Path="test/GitHooks.Workflow.Domain.Tests/GitHooks.Workflow.Domain.Tests.csproj" Id="084e88d3-9597-445f-9fbc-f5351b4fc36d" />
  </Folder>
</Solution>
